
Microsoft Visual Studio Solution File, Format Version 12.00
# Visual Studio 15
VisualStudioVersion = 15.0.27428.2005
MinimumVisualStudioVersion = 10.0.40219.1
Project("{FAE04EC0-301F-11D3-BF4B-00C04F79EFBC}") = "odeLib", "odeLib\odeLib.csproj", "{E0552274-12C7-4632-BC56-9220EAFD1118}"
EndProject
Project("{FAE04EC0-301F-11D3-BF4B-00C04F79EFBC}") = "OdeApp", "OdeApp\OdeApp.csproj", "{10332653-9615-40CB-93D9-6EAE8E2F023E}"
EndProject
Global
	GlobalSection(SolutionConfigurationPlatforms) = preSolution
		Debug|Any CPU = Debug|Any CPU
		Release|Any CPU = Release|Any CPU
	EndGlobalSection
	GlobalSection(ProjectConfigurationPlatforms) = postSolution
		{E0552274-12C7-4632-BC56-9220EAFD1118}.Debug|Any CPU.ActiveCfg = Debug|Any CPU
		{E0552274-12C7-4632-BC56-9220EAFD1118}.Debug|Any CPU.Build.0 = Debug|Any CPU
		{E0552274-12C7-4632-BC56-9220EAFD1118}.Release|Any CPU.ActiveCfg = Release|Any CPU
		{E0552274-12C7-4632-BC56-9220EAFD1118}.Release|Any CPU.Build.0 = Release|Any CPU
		{10332653-9615-40CB-93D9-6EAE8E2F023E}.Debug|Any CPU.ActiveCfg = Debug|Any CPU
		{10332653-9615-40CB-93D9-6EAE8E2F023E}.Debug|Any CPU.Build.0 = Debug|Any CPU
		{10332653-9615-40CB-93D9-6EAE8E2F023E}.Release|Any CPU.ActiveCfg = Release|Any CPU
		{10332653-9615-40CB-93D9-6EAE8E2F023E}.Release|Any CPU.Build.0 = Release|Any CPU
	EndGlobalSection
	GlobalSection(SolutionProperties) = preSolution
		HideSolutionNode = FALSE
	EndGlobalSection
	GlobalSection(ExtensibilityGlobals) = postSolution
		SolutionGuid = {369AC221-C972-40C9-B3E8-14F8A08F65D2}
	EndGlobalSection
EndGlobal
